{
  "name": "shellmind",
  "version": "1.0.0",
  "lockfileVersion": 3,
  "requires": true,
  "packages": {
    "": {
      "name": "shellmind",
      "version": "1.0.0",
      "license": "ISC",
      "dependencies": {
        "@google/generative-ai": "^0.14.0",
        "dotenv": "^16.4.5",
        "wordwrapjs": "^5.1.0"
      }
    },
    "node_modules/@google/generative-ai": {
      "version": "0.14.0",
      "resolved": "https://registry.npmjs.org/@google/generative-ai/-/generative-ai-0.14.0.tgz",
      "integrity": "sha512-wNgIGEpInlVd98SapqvnQX8HQz0zM43U9NMvrbIMKQzz2pQm60pJTeHHlICTDcy/yZNLsvFQ/RfD+Ck9H8K7vw==",
      "license": "Apache-2.0",
      "engines": {
        "node": ">=18.0.0"
      }
    },
    "node_modules/dotenv": {
      "version": "16.4.5",
      "resolved": "https://registry.npmjs.org/dotenv/-/dotenv-16.4.5.tgz",
      "integrity": "sha512-ZmdL2rui+eB2YwhsWzjInR8LldtZHGDoQ1ugH85ppHKwpUHL7j7rN0Ti9NCnGiQbhaZ11FpR+7ao1dNsmduNUg==",
      "license": "BSD-2-Clause",
      "engines": {
        "node": ">=12"
      },
      "funding": {
        "url": "https://dotenvx.com"
      }
    },
    "node_modules/wordwrapjs": {
      "version": "5.1.0",
      "resolved": "https://registry.npmjs.org/wordwrapjs/-/wordwrapjs-5.1.0.tgz",
      "integrity": "sha512-JNjcULU2e4KJwUNv6CHgI46UvDGitb6dGryHajXTDiLgg1/RiGoPSDw4kZfYnwGtEXf2ZMeIewDQgFGzkCB2Sg==",
      "license": "MIT",
      "engines": {
        "node": ">=12.17"
      }
    }
  }
}
